// !$*UTF8*$!
{
	archiveVersion = 1;
	classes = {
	};
	objectVersion = 46;
	objects = {

/* Begin PBXBuildFile section */
		AFE10F861A51D8E000193D74 /* main.m in Sources */ = {isa = PBXBuildFile; fileRef = AFE10F851A51D8E000193D74 /* main.m */; };
		AFE10F891A51D8E000193D74 /* AppDelegate.m in Sources */ = {isa = PBXBuildFile; fileRef = AFE10F881A51D8E000193D74 /* AppDelegate.m */; };
		AFE10F8C1A51D8E000193D74 /* Silly_Words.xcdatamodeld in Sources */ = {isa = PBXBuildFile; fileRef = AFE10F8A1A51D8E000193D74 /* Silly_Words.xcdatamodeld */; };
		AFE10F8F1A51D8E000193D74 /* ViewController.m in Sources */ = {isa = PBXBuildFile; fileRef = AFE10F8E1A51D8E000193D74 /* ViewController.m */; };
		AFE10F921A51D8E000193D74 /* Main.storyboard in Resources */ = {isa = PBXBuildFile; fileRef = AFE10F901A51D8E000193D74 /* Main.storyboard */; };
		AFE10F941A51D8E000193D74 /* Images.xcassets in Resources */ = {isa = PBXBuildFile; fileRef = AFE10F931A51D8E000193D74 /* Images.xcassets */; };
		AFE10F971A51D8E000193D74 /* LaunchScreen.xib in Resources */ = {isa = PBXBuildFile; fileRef = AFE10F951A51D8E000193D74 /* LaunchScreen.xib */; };
		AFE10FA31A51D8E000193D74 /* Silly_WordsTests.m in Sources */ = {isa = PBXBuildFile; fileRef = AFE10FA21A51D8E000193D74 /* Silly_WordsTests.m */; };
/* End PBXBuildFile section */

/* Begin PBXContainerItemProxy section */
		AFE10F9D1A51D8E000193D74 /* PBXContainerItemProxy */ = {
			isa = PBXContainerItemProxy;
			containerPortal = AFE10F781A51D8E000193D74 /* Project object */;
			proxyType = 1;
			remoteGlobalIDString = AFE10F7F1A51D8E000193D74;
			remoteInfo = "Silly Words";
		};
/* End PBXContainerItemProxy section */

/* Begin PBXFileReference section */
		AFE10F801A51D8E000193D74 /* Silly Words.app */ = {isa = PBXFileReference; explicitFileType = wrapper.application; includeInIndex = 0; path = "Silly Words.app"; sourceTree = BUILT_PRODUCTS_DIR; };
		AFE10F841A51D8E000193D74 /* Info.plist */ = {isa = PBXFileReference; lastKnownFileType = text.plist.xml; path = Info.plist; sourceTree = "<group>"; };
		AFE10F851A51D8E000193D74 /* main.m */ = {isa = PBXFileReference; lastKnownFileType = sourcecode.c.objc; path = main.m; sourceTree = "<group>"; };
		AFE10F871A51D8E000193D74 /* AppDelegate.h */ = {isa = PBXFileReference; lastKnownFileType = sourcecode.c.h; path = AppDelegate.h; sourceTree = "<group>"; };
		AFE10F881A51D8E000193D74 /* AppDelegate.m */ = {isa = PBXFileReference; lastKnownFileType = sourcecode.c.objc; path = AppDelegate.m; sourceTree = "<group>"; };
		AFE10F8B1A51D8E000193D74 /* Silly_Words.xcdatamodel */ = {isa = PBXFileReference; lastKnownFileType = wrapper.xcdatamodel; path = Silly_Words.xcdatamodel; sourceTree = "<group>"; };
		AFE10F8D1A51D8E000193D74 /* ViewController.h */ = {isa = PBXFileReference; lastKnownFileType = sourcecode.c.h; path = ViewController.h; sourceTree = "<group>"; };
		AFE10F8E1A51D8E000193D74 /* ViewController.m */ = {isa = PBXFileReference; lastKnownFileType = sourcecode.c.objc; path = ViewController.m; sourceTree = "<group>"; };
		AFE10F911A51D8E000193D74 /* Base */ = {isa = PBXFileReference; lastKnownFileType = file.storyboard; name = Base; path = Base.lproj/Main.storyboard; sourceTree = "<group>"; };
		AFE10F931A51D8E000193D74 /* Images.xcassets */ = {isa = PBXFileReference; lastKnownFileType = folder.assetcatalog; path = Images.xcassets; sourceTree = "<group>"; };
		AFE10F961A51D8E000193D74 /* Base */ = {isa = PBXFileReference; lastKnownFileType = file.xib; name = Base; path = Base.lproj/LaunchScreen.xib; sourceTree = "<group>"; };
		AFE10F9C1A51D8E000193D74 /* Silly WordsTests.xctest */ = {isa = PBXFileReference; explicitFileType = wrapper.cfbundle; includeInIndex = 0; path = "Silly WordsTests.xctest"; sourceTree = BUILT_PRODUCTS_DIR; };
		AFE10FA11A51D8E000193D74 /* Info.plist */ = {isa = PBXFileReference; lastKnownFileType = text.plist.xml; path = Info.plist; sourceTree = "<group>"; };
		AFE10FA21A51D8E000193D74 /* Silly_WordsTests.m */ = {isa = PBXFileReference; lastKnownFileType = sourcecode.c.objc; path = Silly_WordsTests.m; sourceTree = "<group>"; };
/* End PBXFileReference section */

/* Begin PBXFrameworksBuildPhase section */
		AFE10F7D1A51D8E000193D74 /* Frameworks */ = {
			isa = PBXFrameworksBuildPhase;
			buildActionMask = 2147483647;
			files = (
			);
			runOnlyForDeploymentPostprocessing = 0;
		};
		AFE10F991A51D8E000193D74 /* Frameworks */ = {
			isa = PBXFrameworksBuildPhase;
			buildActionMask = 2147483647;
			files = (
			);
			runOnlyForDeploymentPostprocessing = 0;
		};
/* End PBXFrameworksBuildPhase section */

/* Begin PBXGroup section */
		AFE10F771A51D8E000193D74 = {
			isa = PBXGroup;
			children = (
				AFE10F821A51D8E000193D74 /* Silly Words */,
				AFE10F9F1A51D8E000193D74 /* Silly WordsTests */,
				AFE10F811A51D8E000193D74 /* Products */,
			);
			sourceTree = "<group>";
		};
		AFE10F811A51D8E000193D74 /* Products */ = {
			isa = PBXGroup;
			children = (
				AFE10F801A51D8E000193D74 /* Silly Words.app */,
				AFE10F9C1A51D8E000193D74 /* Silly WordsTests.xctest */,
			);
			name = Products;
			sourceTree = "<group>";
		};
		AFE10F821A51D8E000193D74 /* Silly Words */ = {
			isa = PBXGroup;
			children = (
				AFE10F871A51D8E000193D74 /* AppDelegate.h */,
				AFE10F881A51D8E000193D74 /* AppDelegate.m */,
				AFE10F8D1A51D8E000193D74 /* ViewController.h */,
				AFE10F8E1A51D8E000193D74 /* ViewController.m */,
				AFE10F901A51D8E000193D74 /* Main.storyboard */,
				AFE10F931A51D8E000193D74 /* Images.xcassets */,
				AFE10F951A51D8E000193D74 /* LaunchScreen.xib */,
				AFE10F8A1A51D8E000193D74 /* Silly_Words.xcdatamodeld */,
				AFE10F831A51D8E000193D74 /* Supporting Files */,
			);
			path = "Silly Words";
			sourceTree = "<group>";
		};
		AFE10F831A51D8E000193D74 /* Supporting Files */ = {
			isa = PBXGroup;
			children = (
				AFE10F841A51D8E000193D74 /* Info.plist */,
				AFE10F851A51D8E000193D74 /* main.m */,
			);
			name = "Supporting Files";
			sourceTree = "<group>";
		};
		AFE10F9F1A51D8E000193D74 /* Silly WordsTests */ = {
			isa = PBXGroup;
			children = (
				AFE10FA21A51D8E000193D74 /* Silly_WordsTests.m */,
				AFE10FA01A51D8E000193D74 /* Supporting Files */,
			);
			path = "Silly WordsTests";
			sourceTree = "<group>";
		};
		AFE10FA01A51D8E000193D74 /* Supporting Files */ = {
			isa = PBXGroup;
			children = (
				AFE10FA11A51D8E000193D74 /* Info.plist */,
			);
			name = "Supporting Files";
			sourceTree = "<group>";
		};
/* End PBXGroup section */

/* Begin PBXNativeTarget section */
		AFE10F7F1A51D8E000193D74 /* Silly Words */ = {
			isa = PBXNativeTarget;
			buildConfigurationList = AFE10FA61A51D8E000193D74 /* Build configuration list for PBXNativeTarget "Silly Words" */;
			buildPhases = (
				AFE10F7C1A51D8E000193D74 /* Sources */,
				AFE10F7D1A51D8E000193D74 /* Frameworks */,
				AFE10F7E1A51D8E000193D74 /* Resources */,
			);
			buildRules = (
			);
			dependencies = (
			);
			name = "Silly Words";
			productName = "Silly Words";
			productReference = AFE10F801A51D8E000193D74 /* Silly Words.app */;
			productType = "com.apple.product-type.application";
		};
		AFE10F9B1A51D8E000193D74 /* Silly WordsTests */ = {
			isa = PBXNativeTarget;
			buildConfigurationList = AFE10FA91A51D8E000193D74 /* Build configuration list for PBXNativeTarget "Silly WordsTests" */;
			buildPhases = (
				AFE10F981A51D8E000193D74 /* Sources */,
				AFE10F991A51D8E000193D74 /* Frameworks */,
				AFE10F9A1A51D8E000193D74 /* Resources */,
			);
			buildRules = (
			);
			dependencies = (
				AFE10F9E1A51D8E000193D74 /* PBXTargetDependency */,
			);
			name = "Silly WordsTests";
			productName = "Silly WordsTests";
			productReference = AFE10F9C1A51D8E000193D74 /* Silly WordsTests.xctest */;
			productType = "com.apple.product-type.bundle.unit-test";
		};
/* End PBXNativeTarget section */

/* Begin PBXProject section */
		AFE10F781A51D8E000193D74 /* Project object */ = {
			isa = PBXProject;
			attributes = {
				LastUpgradeCheck = 0610;
				ORGANIZATIONNAME = SillyWords;
				TargetAttributes = {
					AFE10F7F1A51D8E000193D74 = {
						CreatedOnToolsVersion = 6.1.1;
					};
					AFE10F9B1A51D8E000193D74 = {
						CreatedOnToolsVersion = 6.1.1;
						TestTargetID = AFE10F7F1A51D8E000193D74;
					};
				};
			};
			buildConfigurationList = AFE10F7B1A51D8E000193D74 /* Build configuration list for PBXProject "Silly Words" */;
			compatibilityVersion = "Xcode 3.2";
			developmentRegion = English;
			hasScannedForEncodings = 0;
			knownRegions = (
				en,
				Base,
			);
			mainGroup = AFE10F771A51D8E000193D74;
			productRefGroup = AFE10F811A51D8E000193D74 /* Products */;
			projectDirPath = "";
			projectRoot = "";
			targets = (
				AFE10F7F1A51D8E000193D74 /* Silly Words */,
				AFE10F9B1A51D8E000193D74 /* Silly WordsTests */,
			);
		};
/* End PBXProject section */

/* Begin PBXResourcesBuildPhase section */
		AFE10F7E1A51D8E000193D74 /* Resources */ = {
			isa = PBXResourcesBuildPhase;
			buildActionMask = 2147483647;
			files = (
				AFE10F921A51D8E000193D74 /* Main.storyboard in Resources */,
				AFE10F971A51D8E000193D74 /* LaunchScreen.xib in Resources */,
				AFE10F941A51D8E000193D74 /* Images.xcassets in Resources */,
			);
			runOnlyForDeploymentPostprocessing = 0;
		};
		AFE10F9A1A51D8E000193D74 /* Resources */ = {
			isa = PBXResourcesBuildPhase;
			buildActionMask = 2147483647;
			files = (
			);
			runOnlyForDeploymentPostprocessing = 0;
		};
/* End PBXResourcesBuildPhase section */

/* Begin PBXSourcesBuildPhase section */
		AFE10F7C1A51D8E000193D74 /* Sources */ = {
			isa = PBXSourcesBuildPhase;
			buildActionMask = 2147483647;
			files = (
				AFE10F891A51D8E000193D74 /* AppDelegate.m in Sources */,
				AFE10F861A51D8E000193D74 /* main.m in Sources */,
				AFE10F8F1A51D8E000193D74 /* ViewController.m in Sources */,
				AFE10F8C1A51D8E000193D74 /* Silly_Words.xcdatamodeld in Sources */,
			);
			runOnlyForDeploymentPostprocessing = 0;
		};
		AFE10F981A51D8E000193D74 /* Sources */ = {
			isa = PBXSourcesBuildPhase;
			buildActionMask = 2147483647;
			files = (
				AFE10FA31A51D8E000193D74 /* Silly_WordsTests.m in Sources */,
			);
			runOnlyForDeploymentPostprocessing = 0;
		};
/* End PBXSourcesBuildPhase section */

/* Begin PBXTargetDependency section */
		AFE10F9E1A51D8E000193D74 /* PBXTargetDependency */ = {
			isa = PBXTargetDependency;
			target = AFE10F7F1A51D8E000193D74 /* Silly Words */;
			targetProxy = AFE10F9D1A51D8E000193D74 /* PBXContainerItemProxy */;
		};
/* End PBXTargetDependency section */

/* Begin PBXVariantGroup section */
		AFE10F901A51D8E000193D74 /* Main.storyboard */ = {
			isa = PBXVariantGroup;
			children = (
				AFE10F911A51D8E000193D74 /* Base */,
			);
			name = Main.storyboard;
			sourceTree = "<group>";
		};
		AFE10F951A51D8E000193D74 /* LaunchScreen.xib */ = {
			isa = PBXVariantGroup;
			children = (
				AFE10F961A51D8E000193D74 /* Base */,
			);
			name = LaunchScreen.xib;
			sourceTree = "<group>";
		};
/* End PBXVariantGroup section */

/* Begin XCBuildConfiguration section */
		AFE10FA41A51D8E000193D74 /* Debug */ = {
			isa = XCBuildConfiguration;
			buildSettings = {
				ALWAYS_SEARCH_USER_PATHS = NO;
				CLANG_CXX_LANGUAGE_STANDARD = "gnu++0x";
				CLANG_CXX_LIBRARY = "libc++";
				CLANG_ENABLE_MODULES = YES;
				CLANG_ENABLE_OBJC_ARC = YES;
				CLANG_WARN_BOOL_CONVERSION = YES;
				CLANG_WARN_CONSTANT_CONVERSION = YES;
				CLANG_WARN_DIRECT_OBJC_ISA_USAGE = YES_ERROR;
				CLANG_WARN_EMPTY_BODY = YES;
				CLANG_WARN_ENUM_CONVERSION = YES;
				CLANG_WARN_INT_CONVERSION = YES;
				CLANG_WARN_OBJC_ROOT_CLASS = YES_ERROR;
				CLANG_WARN_UNREACHABLE_CODE = YES;
				CLANG_WARN__DUPLICATE_METHOD_MATCH = YES;
				"CODE_SIGN_IDENTITY[sdk=iphoneos*]" = "iPhone Developer";
				COPY_PHASE_STRIP = NO;
				ENABLE_STRICT_OBJC_MSGSEND = YES;
				GCC_C_LANGUAGE_STANDARD = gnu99;
				GCC_DYNAMIC_NO_PIC = NO;
				GCC_OPTIMIZATION_LEVEL = 0;
				GCC_PREPROCESSOR_DEFINITIONS = (
					"DEBUG=1",
					"$(inherited)",
				);
				GCC_SYMBOLS_PRIVATE_EXTERN = NO;
				GCC_WARN_64_TO_32_BIT_CONVERSION = YES;
				GCC_WARN_ABOUT_RETURN_TYPE = YES_ERROR;
				GCC_WARN_UNDECLARED_SELECTOR = YES;
				GCC_WARN_UNINITIALIZED_AUTOS = YES_AGGRESSIVE;
				GCC_WARN_UNUSED_FUNCTION = YES;
				GCC_WARN_UNUSED_VARIABLE = YES;
				IPHONEOS_DEPLOYMENT_TARGET = 8.1;
				MTL_ENABLE_DEBUG_INFO = YES;
				ONLY_ACTIVE_ARCH = YES;
				SDKROOT = iphoneos;
				TARGETED_DEVICE_FAMILY = "1,2";
			};
			name = Debug;
		};
		AFE10FA51A51D8E000193D74 /* Release */ = {
			isa = XCBuildConfiguration;
			buildSettings = {
				ALWAYS_SEARCH_USER_PATHS = NO;
				CLANG_CXX_LANGUAGE_STANDARD = "gnu++0x";
				CLANG_CXX_LIBRARY = "libc++";
				CLANG_ENABLE_MODULES = YES;
				CLANG_ENABLE_OBJC_ARC = YES;
				CLANG_WARN_BOOL_CONVERSION = YES;
				CLANG_WARN_CONSTANT_CONVERSION = YES;
				CLANG_WARN_DIRECT_OBJC_ISA_USAGE = YES_ERROR;
				CLANG_WARN_EMPTY_BODY = YES;
				CLANG_WARN_ENUM_CONVERSION = YES;
				CLANG_WARN_INT_CONVERSION = YES;
				CLANG_WARN_OBJC_ROOT_CLASS = YES_ERROR;
				CLANG_WARN_UNREACHABLE_CODE = YES;
				CLANG_WARN__DUPLICATE_METHOD_MATCH = YES;
				"CODE_SIGN_IDENTITY[sdk=iphoneos*]" = "iPhone Developer";
				COPY_PHASE_STRIP = YES;
				ENABLE_NS_ASSERTIONS = NO;
				ENABLE_STRICT_OBJC_MSGSEND = YES;
				GCC_C_LANGUAGE_STANDARD = gnu99;
				GCC_WARN_64_TO_32_BIT_CONVERSION = YES;
				GCC_WARN_ABOUT_RETURN_TYPE = YES_ERROR;
				GCC_WARN_UNDECLARED_SELECTOR = YES;
				GCC_WARN_UNINITIALIZED_AUTOS = YES_AGGRESSIVE;
				GCC_WARN_UNUSED_FUNCTION = YES;
				GCC_WARN_UNUSED_VARIABLE = YES;
				IPHONEOS_DEPLOYMENT_TARGET = 8.1;
				MTL_ENABLE_DEBUG_INFO = NO;
				SDKROOT = iphoneos;
				TARGETED_DEVICE_FAMILY = "1,2";
				VALIDATE_PRODUCT = YES;
			};
			name = Release;
		};
		AFE10FA71A51D8E000193D74 /* Debug */ = {
			isa = XCBuildConfiguration;
			buildSettings = {
				ASSETCATALOG_COMPILER_APPICON_NAME = AppIcon;
				INFOPLIST_FILE = "Silly Words/Info.plist";
				LD_RUNPATH_SEARCH_PATHS = "$(inherited) @executable_path/Frameworks";
				PRODUCT_NAME = "$(TARGET_NAME)";
			};
			name = Debug;
		};
		AFE10FA81A51D8E000193D74 /* Release */ = {
			isa = XCBuildConfiguration;
			buildSettings = {
				ASSETCATALOG_COMPILER_APPICON_NAME = AppIcon;
				INFOPLIST_FILE = "Silly Words/Info.plist";
				LD_RUNPATH_SEARCH_PATHS = "$(inherited) @executable_path/Frameworks";
				PRODUCT_NAME = "$(TARGET_NAME)";
			};
			name = Release;
		};
		AFE10FAA1A51D8E000193D74 /* Debug */ = {
			isa = XCBuildConfiguration;
			buildSettings = {
				BUNDLE_LOADER = "$(TEST_HOST)";
				FRAMEWORK_SEARCH_PATHS = (
					"$(SDKROOT)/Developer/Library/Frameworks",
					"$(inherited)",
				);
				GCC_PREPROCESSOR_DEFINITIONS = (
					"DEBUG=1",
					"$(inherited)",
				);
				INFOPLIST_FILE = "Silly WordsTests/Info.plist";
				LD_RUNPATH_SEARCH_PATHS = "$(inherited) @executable_path/Frameworks @loader_path/Frameworks";
				PRODUCT_NAME = "$(TARGET_NAME)";
				TEST_HOST = "$(BUILT_PRODUCTS_DIR)/Silly Words.app/Silly Words";
			};
			name = Debug;
		};
		AFE10FAB1A51D8E000193D74 /* Release */ = {
			isa = XCBuildConfiguration;
			buildSettings = {
				BUNDLE_LOADER = "$(TEST_HOST)";
				FRAMEWORK_SEARCH_PATHS = (
					"$(SDKROOT)/Developer/Library/Frameworks",
					"$(inherited)",
				);
				INFOPLIST_FILE = "Silly WordsTests/Info.plist";
				LD_RUNPATH_SEARCH_PATHS = "$(inherited) @executable_path/Frameworks @loader_path/Frameworks";
				PRODUCT_NAME = "$(TARGET_NAME)";
				TEST_HOST = "$(BUILT_PRODUCTS_DIR)/Silly Words.app/Silly Words";
			};
			name = Release;
		};
/* End XCBuildConfiguration section */

/* Begin XCConfigurationList section */
		AFE10F7B1A51D8E000193D74 /* Build configuration list for PBXProject "Silly Words" */ = {
			isa = XCConfigurationList;
			buildConfigurations = (
				AFE10FA41A51D8E000193D74 /* Debug */,
				AFE10FA51A51D8E000193D74 /* Release */,
			);
			defaultConfigurationIsVisible = 0;
			defaultConfigurationName = Release;
		};
		AFE10FA61A51D8E000193D74 /* Build configuration list for PBXNativeTarget "Silly Words" */ = {
			isa = XCConfigurationList;
			buildConfigurations = (
				AFE10FA71A51D8E000193D74 /* Debug */,
				AFE10FA81A51D8E000193D74 /* Release */,
			);
			defaultConfigurationIsVisible = 0;
		};
		AFE10FA91A51D8E000193D74 /* Build configuration list for PBXNativeTarget "Silly WordsTests" */ = {
			isa = XCConfigurationList;
			buildConfigurations = (
				AFE10FAA1A51D8E000193D74 /* Debug */,
				AFE10FAB1A51D8E000193D74 /* Release */,
			);
			defaultConfigurationIsVisible = 0;
		};
/* End XCConfigurationList section */

/* Begin XCVersionGroup section */
		AFE10F8A1A51D8E000193D74 /* Silly_Words.xcdatamodeld */ = {
			isa = XCVersionGroup;
			children = (
				AFE10F8B1A51D8E000193D74 /* Silly_Words.xcdatamodel */,
			);
			currentVersion = AFE10F8B1A51D8E000193D74 /* Silly_Words.xcdatamodel */;
			path = Silly_Words.xcdatamodeld;
			sourceTree = "<group>";
			versionGroupType = wrapper.xcdatamodel;
		};
/* End XCVersionGroup section */
	};
	rootObject = AFE10F781A51D8E000193D74 /* Project object */;
}
